
Microsoft Visual Studio Solution File, Format Version 12.00
# Visual Studio Version 16
VisualStudioVersion = 16.0.31321.278
MinimumVisualStudioVersion = 10.0.40219.1
Project("{FAE04EC0-301F-11D3-BF4B-00C04F79EFBC}") = "ConsoleApp1", "ConsoleApp1\ConsoleApp1.csproj", "{D8739BC7-87B6-4D62-B87C-92A7F3D092B6}"
EndProject
Global
	GlobalSection(SolutionConfigurationPlatforms) = preSolution
		Debug|Any CPU = Debug|Any CPU
		Release|Any CPU = Release|Any CPU
	EndGlobalSection
	GlobalSection(ProjectConfigurationPlatforms) = postSolution
		{D8739BC7-87B6-4D62-B87C-92A7F3D092B6}.Debug|Any CPU.ActiveCfg = Debug|Any CPU
		{D8739BC7-87B6-4D62-B87C-92A7F3D092B6}.Debug|Any CPU.Build.0 = Debug|Any CPU
		{D8739BC7-87B6-4D62-B87C-92A7F3D092B6}.Release|Any CPU.ActiveCfg = Release|Any CPU
		{D8739BC7-87B6-4D62-B87C-92A7F3D092B6}.Release|Any CPU.Build.0 = Release|Any CPU
	EndGlobalSection
	GlobalSection(SolutionProperties) = preSolution
		HideSolutionNode = FALSE
	EndGlobalSection
	GlobalSection(ExtensibilityGlobals) = postSolution
		SolutionGuid = {552053A8-FEFA-4557-9914-2538E28C3C62}
	EndGlobalSection
EndGlobal
